
Microsoft Visual Studio Solution File, Format Version 12.00
# Visual Studio Version 16
VisualStudioVersion = 16.0.31105.61
MinimumVisualStudioVersion = 10.0.40219.1
Project("{FAE04EC0-301F-11D3-BF4B-00C04F79EFBC}") = "LAB6A", "LAB6A\LAB6A.csproj", "{48E1B729-99A5-4481-AF3C-922E2B00084C}"
EndProject
Global
	GlobalSection(SolutionConfigurationPlatforms) = preSolution
		Debug|Any CPU = Debug|Any CPU
		Release|Any CPU = Release|Any CPU
	EndGlobalSection
	GlobalSection(ProjectConfigurationPlatforms) = postSolution
		{48E1B729-99A5-4481-AF3C-922E2B00084C}.Debug|Any CPU.ActiveCfg = Debug|Any CPU
		{48E1B729-99A5-4481-AF3C-922E2B00084C}.Debug|Any CPU.Build.0 = Debug|Any CPU
		{48E1B729-99A5-4481-AF3C-922E2B00084C}.Release|Any CPU.ActiveCfg = Release|Any CPU
		{48E1B729-99A5-4481-AF3C-922E2B00084C}.Release|Any CPU.Build.0 = Release|Any CPU
	EndGlobalSection
	GlobalSection(SolutionProperties) = preSolution
		HideSolutionNode = FALSE
	EndGlobalSection
	GlobalSection(ExtensibilityGlobals) = postSolution
		SolutionGuid = {512EDFE4-7E95-450A-9DAA-7624C30D5E6D}
	EndGlobalSection
EndGlobal
