
Microsoft Visual Studio Solution File, Format Version 12.00
# Visual Studio Version 16
VisualStudioVersion = 16.0.31105.61
MinimumVisualStudioVersion = 10.0.40219.1
Project("{FAE04EC0-301F-11D3-BF4B-00C04F79EFBC}") = "LAB5A", "LAB5A\LAB5A.csproj", "{447BE6F1-AF14-46A0-A410-8186969244CC}"
EndProject
Global
	GlobalSection(SolutionConfigurationPlatforms) = preSolution
		Debug|Any CPU = Debug|Any CPU
		Release|Any CPU = Release|Any CPU
	EndGlobalSection
	GlobalSection(ProjectConfigurationPlatforms) = postSolution
		{447BE6F1-AF14-46A0-A410-8186969244CC}.Debug|Any CPU.ActiveCfg = Debug|Any CPU
		{447BE6F1-AF14-46A0-A410-8186969244CC}.Debug|Any CPU.Build.0 = Debug|Any CPU
		{447BE6F1-AF14-46A0-A410-8186969244CC}.Release|Any CPU.ActiveCfg = Release|Any CPU
		{447BE6F1-AF14-46A0-A410-8186969244CC}.Release|Any CPU.Build.0 = Release|Any CPU
	EndGlobalSection
	GlobalSection(SolutionProperties) = preSolution
		HideSolutionNode = FALSE
	EndGlobalSection
	GlobalSection(ExtensibilityGlobals) = postSolution
		SolutionGuid = {B1490807-8EA7-48A3-AEFB-1A91471EE262}
	EndGlobalSection
EndGlobal
